// !$*UTF8*$!
{
	archiveVersion = 1;
	classes = {
	};
	objectVersion = 56;
	objects = {

/* Begin PBXBuildFile section */
		D21D69502B0244CE0076E441 /* MoneyKeeperApp.swift in Sources */ = {isa = PBXBuildFile; fileRef = D21D694F2B0244CE0076E441 /* MoneyKeeperApp.swift */; };
		D21D69522B0244CE0076E441 /* ContentView.swift in Sources */ = {isa = PBXBuildFile; fileRef = D21D69512B0244CE0076E441 /* ContentView.swift */; };
		D21D69542B0244D20076E441 /* Assets.xcassets in Resources */ = {isa = PBXBuildFile; fileRef = D21D69532B0244D20076E441 /* Assets.xcassets */; };
		D21D69572B0244D20076E441 /* Preview Assets.xcassets in Resources */ = {isa = PBXBuildFile; fileRef = D21D69562B0244D20076E441 /* Preview Assets.xcassets */; };
		D21D69622B02459E0076E441 /* History.swift in Sources */ = {isa = PBXBuildFile; fileRef = D21D69612B02459E0076E441 /* History.swift */; };
		D21D69642B0245CF0076E441 /* Transaction.swift in Sources */ = {isa = PBXBuildFile; fileRef = D21D69632B0245CF0076E441 /* Transaction.swift */; };
		D21D69662B02470A0076E441 /* User.swift in Sources */ = {isa = PBXBuildFile; fileRef = D21D69652B02470A0076E441 /* User.swift */; };
		D21D69682B0247560076E441 /* Source.swift in Sources */ = {isa = PBXBuildFile; fileRef = D21D69672B0247560076E441 /* Source.swift */; };
		D21D696A2B0248ED0076E441 /* Category.swift in Sources */ = {isa = PBXBuildFile; fileRef = D21D69692B0248ED0076E441 /* Category.swift */; };
		D21D696C2B0253FE0076E441 /* MainScreenView.swift in Sources */ = {isa = PBXBuildFile; fileRef = D21D696B2B0253FE0076E441 /* MainScreenView.swift */; };
		D21D696E2B02593E0076E441 /* HeaderView.swift in Sources */ = {isa = PBXBuildFile; fileRef = D21D696D2B02593E0076E441 /* HeaderView.swift */; };
		D21D69702B0269570076E441 /* AddingSourceCategoryView.swift in Sources */ = {isa = PBXBuildFile; fileRef = D21D696F2B0269570076E441 /* AddingSourceCategoryView.swift */; };
		D21D69742B028C340076E441 /* AddHistoryView.swift in Sources */ = {isa = PBXBuildFile; fileRef = D21D69732B028C340076E441 /* AddHistoryView.swift */; };
		D21D69772B02BE560076E441 /* FileManagerExtension.swift in Sources */ = {isa = PBXBuildFile; fileRef = D21D69762B02BE560076E441 /* FileManagerExtension.swift */; };
		D23FEC662B04AED000F5E6DB /* HomeView.swift in Sources */ = {isa = PBXBuildFile; fileRef = D23FEC652B04AED000F5E6DB /* HomeView.swift */; };
		D23FEC682B04B91200F5E6DB /* EditView.swift in Sources */ = {isa = PBXBuildFile; fileRef = D23FEC672B04B91200F5E6DB /* EditView.swift */; };
		D23FEC6D2B04C1C600F5E6DB /* SourcesView.swift in Sources */ = {isa = PBXBuildFile; fileRef = D23FEC6C2B04C1C600F5E6DB /* SourcesView.swift */; };
/* End PBXBuildFile section */

/* Begin PBXFileReference section */
		D21D694C2B0244CE0076E441 /* MoneyKeeper.app */ = {isa = PBXFileReference; explicitFileType = wrapper.application; includeInIndex = 0; path = MoneyKeeper.app; sourceTree = BUILT_PRODUCTS_DIR; };
		D21D694F2B0244CE0076E441 /* MoneyKeeperApp.swift */ = {isa = PBXFileReference; lastKnownFileType = sourcecode.swift; path = MoneyKeeperApp.swift; sourceTree = "<group>"; };
		D21D69512B0244CE0076E441 /* ContentView.swift */ = {isa = PBXFileReference; lastKnownFileType = sourcecode.swift; path = ContentView.swift; sourceTree = "<group>"; };
		D21D69532B0244D20076E441 /* Assets.xcassets */ = {isa = PBXFileReference; lastKnownFileType = folder.assetcatalog; path = Assets.xcassets; sourceTree = "<group>"; };
		D21D69562B0244D20076E441 /* Preview Assets.xcassets */ = {isa = PBXFileReference; lastKnownFileType = folder.assetcatalog; path = "Preview Assets.xcassets"; sourceTree = "<group>"; };
		D21D69612B02459E0076E441 /* History.swift */ = {isa = PBXFileReference; lastKnownFileType = sourcecode.swift; path = History.swift; sourceTree = "<group>"; };
		D21D69632B0245CF0076E441 /* Transaction.swift */ = {isa = PBXFileReference; lastKnownFileType = sourcecode.swift; path = Transaction.swift; sourceTree = "<group>"; };
		D21D69652B02470A0076E441 /* User.swift */ = {isa = PBXFileReference; lastKnownFileType = sourcecode.swift; path = User.swift; sourceTree = "<group>"; };
		D21D69672B0247560076E441 /* Source.swift */ = {isa = PBXFileReference; lastKnownFileType = sourcecode.swift; path = Source.swift; sourceTree = "<group>"; };
		D21D69692B0248ED0076E441 /* Category.swift */ = {isa = PBXFileReference; lastKnownFileType = sourcecode.swift; path = Category.swift; sourceTree = "<group>"; };
		D21D696B2B0253FE0076E441 /* MainScreenView.swift */ = {isa = PBXFileReference; lastKnownFileType = sourcecode.swift; path = MainScreenView.swift; sourceTree = "<group>"; };
		D21D696D2B02593E0076E441 /* HeaderView.swift */ = {isa = PBXFileReference; lastKnownFileType = sourcecode.swift; path = HeaderView.swift; sourceTree = "<group>"; };
		D21D696F2B0269570076E441 /* AddingSourceCategoryView.swift */ = {isa = PBXFileReference; lastKnownFileType = sourcecode.swift; path = AddingSourceCategoryView.swift; sourceTree = "<group>"; };
		D21D69732B028C340076E441 /* AddHistoryView.swift */ = {isa = PBXFileReference; lastKnownFileType = sourcecode.swift; path = AddHistoryView.swift; sourceTree = "<group>"; };
		D21D69762B02BE560076E441 /* FileManagerExtension.swift */ = {isa = PBXFileReference; lastKnownFileType = sourcecode.swift; path = FileManagerExtension.swift; sourceTree = "<group>"; };
		D23FEC652B04AED000F5E6DB /* HomeView.swift */ = {isa = PBXFileReference; lastKnownFileType = sourcecode.swift; path = HomeView.swift; sourceTree = "<group>"; };
		D23FEC672B04B91200F5E6DB /* EditView.swift */ = {isa = PBXFileReference; lastKnownFileType = sourcecode.swift; path = EditView.swift; sourceTree = "<group>"; };
		D23FEC6C2B04C1C600F5E6DB /* SourcesView.swift */ = {isa = PBXFileReference; lastKnownFileType = sourcecode.swift; path = SourcesView.swift; sourceTree = "<group>"; };
/* End PBXFileReference section */

/* Begin PBXFrameworksBuildPhase section */
		D21D69492B0244CE0076E441 /* Frameworks */ = {
			isa = PBXFrameworksBuildPhase;
			buildActionMask = 2147483647;
			files = (
			);
			runOnlyForDeploymentPostprocessing = 0;
		};
/* End PBXFrameworksBuildPhase section */

/* Begin PBXGroup section */
		D21D69432B0244CE0076E441 = {
			isa = PBXGroup;
			children = (
				D21D694E2B0244CE0076E441 /* MoneyKeeper */,
				D21D694D2B0244CE0076E441 /* Products */,
			);
			sourceTree = "<group>";
		};
		D21D694D2B0244CE0076E441 /* Products */ = {
			isa = PBXGroup;
			children = (
				D21D694C2B0244CE0076E441 /* MoneyKeeper.app */,
			);
			name = Products;
			sourceTree = "<group>";
		};
		D21D694E2B0244CE0076E441 /* MoneyKeeper */ = {
			isa = PBXGroup;
			children = (
				D21D695E2B0245090076E441 /* App */,
				D21D695D2B0244F00076E441 /* Core */,
				D21D69532B0244D20076E441 /* Assets.xcassets */,
				D21D69552B0244D20076E441 /* Preview Content */,
			);
			path = MoneyKeeper;
			sourceTree = "<group>";
		};
		D21D69552B0244D20076E441 /* Preview Content */ = {
			isa = PBXGroup;
			children = (
				D21D69562B0244D20076E441 /* Preview Assets.xcassets */,
			);
			path = "Preview Content";
			sourceTree = "<group>";
		};
		D21D695D2B0244F00076E441 /* Core */ = {
			isa = PBXGroup;
			children = (
				D21D69752B02BE380076E441 /* Extensions */,
				D21D69602B0245230076E441 /* View */,
				D21D695F2B02451A0076E441 /* ViewModel */,
			);
			path = Core;
			sourceTree = "<group>";
		};
		D21D695E2B0245090076E441 /* App */ = {
			isa = PBXGroup;
			children = (
				D21D694F2B0244CE0076E441 /* MoneyKeeperApp.swift */,
			);
			path = App;
			sourceTree = "<group>";
		};
		D21D695F2B02451A0076E441 /* ViewModel */ = {
			isa = PBXGroup;
			children = (
				D21D69652B02470A0076E441 /* User.swift */,
				D21D69672B0247560076E441 /* Source.swift */,
				D21D69692B0248ED0076E441 /* Category.swift */,
				D21D69612B02459E0076E441 /* History.swift */,
				D21D69632B0245CF0076E441 /* Transaction.swift */,
			);
			path = ViewModel;
			sourceTree = "<group>";
		};
		D21D69602B0245230076E441 /* View */ = {
			isa = PBXGroup;
			children = (
				D21D69512B0244CE0076E441 /* ContentView.swift */,
				D21D696B2B0253FE0076E441 /* MainScreenView.swift */,
				D23FEC6B2B04C1A100F5E6DB /* HomeViews */,
				D21D696F2B0269570076E441 /* AddingSourceCategoryView.swift */,
				D21D69732B028C340076E441 /* AddHistoryView.swift */,
				D21D696D2B02593E0076E441 /* HeaderView.swift */,
				D23FEC672B04B91200F5E6DB /* EditView.swift */,
			);
			path = View;
			sourceTree = "<group>";
		};
		D21D69752B02BE380076E441 /* Extensions */ = {
			isa = PBXGroup;
			children = (
				D21D69762B02BE560076E441 /* FileManagerExtension.swift */,
			);
			path = Extensions;
			sourceTree = "<group>";
		};
		D23FEC6B2B04C1A100F5E6DB /* HomeViews */ = {
			isa = PBXGroup;
			children = (
				D23FEC652B04AED000F5E6DB /* HomeView.swift */,
				D23FEC6C2B04C1C600F5E6DB /* SourcesView.swift */,
			);
			path = HomeViews;
			sourceTree = "<group>";
		};
/* End PBXGroup section */

/* Begin PBXNativeTarget section */
		D21D694B2B0244CE0076E441 /* MoneyKeeper */ = {
			isa = PBXNativeTarget;
			buildConfigurationList = D21D695A2B0244D20076E441 /* Build configuration list for PBXNativeTarget "MoneyKeeper" */;
			buildPhases = (
				D21D69482B0244CE0076E441 /* Sources */,
				D21D69492B0244CE0076E441 /* Frameworks */,
				D21D694A2B0244CE0076E441 /* Resources */,
			);
			buildRules = (
			);
			dependencies = (
			);
			name = MoneyKeeper;
			productName = MoneyKeeper;
			productReference = D21D694C2B0244CE0076E441 /* MoneyKeeper.app */;
			productType = "com.apple.product-type.application";
		};
/* End PBXNativeTarget section */

/* Begin PBXProject section */
		D21D69442B0244CE0076E441 /* Project object */ = {
			isa = PBXProject;
			attributes = {
				BuildIndependentTargetsInParallel = 1;
				LastSwiftUpdateCheck = 1500;
				LastUpgradeCheck = 1500;
				TargetAttributes = {
					D21D694B2B0244CE0076E441 = {
						CreatedOnToolsVersion = 15.0;
					};
				};
			};
			buildConfigurationList = D21D69472B0244CE0076E441 /* Build configuration list for PBXProject "MoneyKeeper" */;
			compatibilityVersion = "Xcode 14.0";
			developmentRegion = en;
			hasScannedForEncodings = 0;
			knownRegions = (
				en,
				Base,
			);
			mainGroup = D21D69432B0244CE0076E441;
			productRefGroup = D21D694D2B0244CE0076E441 /* Products */;
			projectDirPath = "";
			projectRoot = "";
			targets = (
				D21D694B2B0244CE0076E441 /* MoneyKeeper */,
			);
		};
/* End PBXProject section */

/* Begin PBXResourcesBuildPhase section */
		D21D694A2B0244CE0076E441 /* Resources */ = {
			isa = PBXResourcesBuildPhase;
			buildActionMask = 2147483647;
			files = (
				D21D69572B0244D20076E441 /* Preview Assets.xcassets in Resources */,
				D21D69542B0244D20076E441 /* Assets.xcassets in Resources */,
			);
			runOnlyForDeploymentPostprocessing = 0;
		};
/* End PBXResourcesBuildPhase section */

/* Begin PBXSourcesBuildPhase section */
		D21D69482B0244CE0076E441 /* Sources */ = {
			isa = PBXSourcesBuildPhase;
			buildActionMask = 2147483647;
			files = (
				D21D69622B02459E0076E441 /* History.swift in Sources */,
				D21D69772B02BE560076E441 /* FileManagerExtension.swift in Sources */,
				D23FEC662B04AED000F5E6DB /* HomeView.swift in Sources */,
				D21D696E2B02593E0076E441 /* HeaderView.swift in Sources */,
				D23FEC682B04B91200F5E6DB /* EditView.swift in Sources */,
				D21D69702B0269570076E441 /* AddingSourceCategoryView.swift in Sources */,
				D21D69522B0244CE0076E441 /* ContentView.swift in Sources */,
				D21D69682B0247560076E441 /* Source.swift in Sources */,
				D21D69642B0245CF0076E441 /* Transaction.swift in Sources */,
				D21D69742B028C340076E441 /* AddHistoryView.swift in Sources */,
				D23FEC6D2B04C1C600F5E6DB /* SourcesView.swift in Sources */,
				D21D69662B02470A0076E441 /* User.swift in Sources */,
				D21D69502B0244CE0076E441 /* MoneyKeeperApp.swift in Sources */,
				D21D696A2B0248ED0076E441 /* Category.swift in Sources */,
				D21D696C2B0253FE0076E441 /* MainScreenView.swift in Sources */,
			);
			runOnlyForDeploymentPostprocessing = 0;
		};
/* End PBXSourcesBuildPhase section */

/* Begin XCBuildConfiguration section */
		D21D69582B0244D20076E441 /* Debug */ = {
			isa = XCBuildConfiguration;
			buildSettings = {
				ALWAYS_SEARCH_USER_PATHS = NO;
				ASSETCATALOG_COMPILER_GENERATE_SWIFT_ASSET_SYMBOL_EXTENSIONS = YES;
				CLANG_ANALYZER_NONNULL = YES;
				CLANG_ANALYZER_NUMBER_OBJECT_CONVERSION = YES_AGGRESSIVE;
				CLANG_CXX_LANGUAGE_STANDARD = "gnu++20";
				CLANG_ENABLE_MODULES = YES;
				CLANG_ENABLE_OBJC_ARC = YES;
				CLANG_ENABLE_OBJC_WEAK = YES;
				CLANG_WARN_BLOCK_CAPTURE_AUTORELEASING = YES;
				CLANG_WARN_BOOL_CONVERSION = YES;
				CLANG_WARN_COMMA = YES;
				CLANG_WARN_CONSTANT_CONVERSION = YES;
				CLANG_WARN_DEPRECATED_OBJC_IMPLEMENTATIONS = YES;
				CLANG_WARN_DIRECT_OBJC_ISA_USAGE = YES_ERROR;
				CLANG_WARN_DOCUMENTATION_COMMENTS = YES;
				CLANG_WARN_EMPTY_BODY = YES;
				CLANG_WARN_ENUM_CONVERSION = YES;
				CLANG_WARN_INFINITE_RECURSION = YES;
				CLANG_WARN_INT_CONVERSION = YES;
				CLANG_WARN_NON_LITERAL_NULL_CONVERSION = YES;
				CLANG_WARN_OBJC_IMPLICIT_RETAIN_SELF = YES;
				CLANG_WARN_OBJC_LITERAL_CONVERSION = YES;
				CLANG_WARN_OBJC_ROOT_CLASS = YES_ERROR;
				CLANG_WARN_QUOTED_INCLUDE_IN_FRAMEWORK_HEADER = YES;
				CLANG_WARN_RANGE_LOOP_ANALYSIS = YES;
				CLANG_WARN_STRICT_PROTOTYPES = YES;
				CLANG_WARN_SUSPICIOUS_MOVE = YES;
				CLANG_WARN_UNGUARDED_AVAILABILITY = YES_AGGRESSIVE;
				CLANG_WARN_UNREACHABLE_CODE = YES;
				CLANG_WARN__DUPLICATE_METHOD_MATCH = YES;
				COPY_PHASE_STRIP = NO;
				DEBUG_INFORMATION_FORMAT = dwarf;
				ENABLE_STRICT_OBJC_MSGSEND = YES;
				ENABLE_TESTABILITY = YES;
				ENABLE_USER_SCRIPT_SANDBOXING = YES;
				GCC_C_LANGUAGE_STANDARD = gnu17;
				GCC_DYNAMIC_NO_PIC = NO;
				GCC_NO_COMMON_BLOCKS = YES;
				GCC_OPTIMIZATION_LEVEL = 0;
				GCC_PREPROCESSOR_DEFINITIONS = (
					"DEBUG=1",
					"$(inherited)",
				);
				GCC_WARN_64_TO_32_BIT_CONVERSION = YES;
				GCC_WARN_ABOUT_RETURN_TYPE = YES_ERROR;
				GCC_WARN_UNDECLARED_SELECTOR = YES;
				GCC_WARN_UNINITIALIZED_AUTOS = YES_AGGRESSIVE;
				GCC_WARN_UNUSED_FUNCTION = YES;
				GCC_WARN_UNUSED_VARIABLE = YES;
				IPHONEOS_DEPLOYMENT_TARGET = 17.0;
				LOCALIZATION_PREFERS_STRING_CATALOGS = YES;
				MTL_ENABLE_DEBUG_INFO = INCLUDE_SOURCE;
				MTL_FAST_MATH = YES;
				ONLY_ACTIVE_ARCH = YES;
				SDKROOT = iphoneos;
				SWIFT_ACTIVE_COMPILATION_CONDITIONS = "DEBUG $(inherited)";
				SWIFT_OPTIMIZATION_LEVEL = "-Onone";
			};
			name = Debug;
		};
		D21D69592B0244D20076E441 /* Release */ = {
			isa = XCBuildConfiguration;
			buildSettings = {
				ALWAYS_SEARCH_USER_PATHS = NO;
				ASSETCATALOG_COMPILER_GENERATE_SWIFT_ASSET_SYMBOL_EXTENSIONS = YES;
				CLANG_ANALYZER_NONNULL = YES;
				CLANG_ANALYZER_NUMBER_OBJECT_CONVERSION = YES_AGGRESSIVE;
				CLANG_CXX_LANGUAGE_STANDARD = "gnu++20";
				CLANG_ENABLE_MODULES = YES;
				CLANG_ENABLE_OBJC_ARC = YES;
				CLANG_ENABLE_OBJC_WEAK = YES;
				CLANG_WARN_BLOCK_CAPTURE_AUTORELEASING = YES;
				CLANG_WARN_BOOL_CONVERSION = YES;
				CLANG_WARN_COMMA = YES;
				CLANG_WARN_CONSTANT_CONVERSION = YES;
				CLANG_WARN_DEPRECATED_OBJC_IMPLEMENTATIONS = YES;
				CLANG_WARN_DIRECT_OBJC_ISA_USAGE = YES_ERROR;
				CLANG_WARN_DOCUMENTATION_COMMENTS = YES;
				CLANG_WARN_EMPTY_BODY = YES;
				CLANG_WARN_ENUM_CONVERSION = YES;
				CLANG_WARN_INFINITE_RECURSION = YES;
				CLANG_WARN_INT_CONVERSION = YES;
				CLANG_WARN_NON_LITERAL_NULL_CONVERSION = YES;
				CLANG_WARN_OBJC_IMPLICIT_RETAIN_SELF = YES;
				CLANG_WARN_OBJC_LITERAL_CONVERSION = YES;
				CLANG_WARN_OBJC_ROOT_CLASS = YES_ERROR;
				CLANG_WARN_QUOTED_INCLUDE_IN_FRAMEWORK_HEADER = YES;
				CLANG_WARN_RANGE_LOOP_ANALYSIS = YES;
				CLANG_WARN_STRICT_PROTOTYPES = YES;
				CLANG_WARN_SUSPICIOUS_MOVE = YES;
				CLANG_WARN_UNGUARDED_AVAILABILITY = YES_AGGRESSIVE;
				CLANG_WARN_UNREACHABLE_CODE = YES;
				CLANG_WARN__DUPLICATE_METHOD_MATCH = YES;
				COPY_PHASE_STRIP = NO;
				DEBUG_INFORMATION_FORMAT = "dwarf-with-dsym";
				ENABLE_NS_ASSERTIONS = NO;
				ENABLE_STRICT_OBJC_MSGSEND = YES;
				ENABLE_USER_SCRIPT_SANDBOXING = YES;
				GCC_C_LANGUAGE_STANDARD = gnu17;
				GCC_NO_COMMON_BLOCKS = YES;
				GCC_WARN_64_TO_32_BIT_CONVERSION = YES;
				GCC_WARN_ABOUT_RETURN_TYPE = YES_ERROR;
				GCC_WARN_UNDECLARED_SELECTOR = YES;
				GCC_WARN_UNINITIALIZED_AUTOS = YES_AGGRESSIVE;
				GCC_WARN_UNUSED_FUNCTION = YES;
				GCC_WARN_UNUSED_VARIABLE = YES;
				IPHONEOS_DEPLOYMENT_TARGET = 17.0;
				LOCALIZATION_PREFERS_STRING_CATALOGS = YES;
				MTL_ENABLE_DEBUG_INFO = NO;
				MTL_FAST_MATH = YES;
				SDKROOT = iphoneos;
				SWIFT_COMPILATION_MODE = wholemodule;
				VALIDATE_PRODUCT = YES;
			};
			name = Release;
		};
		D21D695B2B0244D20076E441 /* Debug */ = {
			isa = XCBuildConfiguration;
			buildSettings = {
				ASSETCATALOG_COMPILER_APPICON_NAME = AppIcon;
				ASSETCATALOG_COMPILER_GLOBAL_ACCENT_COLOR_NAME = AccentColor;
				CODE_SIGN_STYLE = Automatic;
				CURRENT_PROJECT_VERSION = 1;
				DEVELOPMENT_ASSET_PATHS = "\"MoneyKeeper/Preview Content\"";
				DEVELOPMENT_TEAM = JZ655BK338;
				ENABLE_PREVIEWS = YES;
				GENERATE_INFOPLIST_FILE = YES;
				INFOPLIST_KEY_UIApplicationSceneManifest_Generation = YES;
				INFOPLIST_KEY_UIApplicationSupportsIndirectInputEvents = YES;
				INFOPLIST_KEY_UILaunchScreen_Generation = YES;
				INFOPLIST_KEY_UISupportedInterfaceOrientations_iPad = "UIInterfaceOrientationPortrait UIInterfaceOrientationPortraitUpsideDown UIInterfaceOrientationLandscapeLeft UIInterfaceOrientationLandscapeRight";
				INFOPLIST_KEY_UISupportedInterfaceOrientations_iPhone = "UIInterfaceOrientationPortrait UIInterfaceOrientationLandscapeLeft UIInterfaceOrientationLandscapeRight";
				LD_RUNPATH_SEARCH_PATHS = (
					"$(inherited)",
					"@executable_path/Frameworks",
				);
				MARKETING_VERSION = 1.0;
				PRODUCT_BUNDLE_IDENTIFIER = novs.MoneyKeeper;
				PRODUCT_NAME = "$(TARGET_NAME)";
				SWIFT_EMIT_LOC_STRINGS = YES;
				SWIFT_VERSION = 5.0;
				TARGETED_DEVICE_FAMILY = "1,2";
			};
			name = Debug;
		};
		D21D695C2B0244D20076E441 /* Release */ = {
			isa = XCBuildConfiguration;
			buildSettings = {
				ASSETCATALOG_COMPILER_APPICON_NAME = AppIcon;
				ASSETCATALOG_COMPILER_GLOBAL_ACCENT_COLOR_NAME = AccentColor;
				CODE_SIGN_STYLE = Automatic;
				CURRENT_PROJECT_VERSION = 1;
				DEVELOPMENT_ASSET_PATHS = "\"MoneyKeeper/Preview Content\"";
				DEVELOPMENT_TEAM = JZ655BK338;
				ENABLE_PREVIEWS = YES;
				GENERATE_INFOPLIST_FILE = YES;
				INFOPLIST_KEY_UIApplicationSceneManifest_Generation = YES;
				INFOPLIST_KEY_UIApplicationSupportsIndirectInputEvents = YES;
				INFOPLIST_KEY_UILaunchScreen_Generation = YES;
				INFOPLIST_KEY_UISupportedInterfaceOrientations_iPad = "UIInterfaceOrientationPortrait UIInterfaceOrientationPortraitUpsideDown UIInterfaceOrientationLandscapeLeft UIInterfaceOrientationLandscapeRight";
				INFOPLIST_KEY_UISupportedInterfaceOrientations_iPhone = "UIInterfaceOrientationPortrait UIInterfaceOrientationLandscapeLeft UIInterfaceOrientationLandscapeRight";
				LD_RUNPATH_SEARCH_PATHS = (
					"$(inherited)",
					"@executable_path/Frameworks",
				);
				MARKETING_VERSION = 1.0;
				PRODUCT_BUNDLE_IDENTIFIER = novs.MoneyKeeper;
				PRODUCT_NAME = "$(TARGET_NAME)";
				SWIFT_EMIT_LOC_STRINGS = YES;
				SWIFT_VERSION = 5.0;
				TARGETED_DEVICE_FAMILY = "1,2";
			};
			name = Release;
		};
/* End XCBuildConfiguration section */

/* Begin XCConfigurationList section */
		D21D69472B0244CE0076E441 /* Build configuration list for PBXProject "MoneyKeeper" */ = {
			isa = XCConfigurationList;
			buildConfigurations = (
				D21D69582B0244D20076E441 /* Debug */,
				D21D69592B0244D20076E441 /* Release */,
			);
			defaultConfigurationIsVisible = 0;
			defaultConfigurationName = Release;
		};
		D21D695A2B0244D20076E441 /* Build configuration list for PBXNativeTarget "MoneyKeeper" */ = {
			isa = XCConfigurationList;
			buildConfigurations = (
				D21D695B2B0244D20076E441 /* Debug */,
				D21D695C2B0244D20076E441 /* Release */,
			);
			defaultConfigurationIsVisible = 0;
			defaultConfigurationName = Release;
		};
/* End XCConfigurationList section */
	};
	rootObject = D21D69442B0244CE0076E441 /* Project object */;
}
